
Microsoft Visual Studio Solution File, Format Version 12.00
# Visual Studio 15
VisualStudioVersion = 15.0.26730.16
MinimumVisualStudioVersion = 10.0.40219.1
Project("{9A19103F-16F7-4668-BE54-9A1E7A4F7556}") = "Govrnanza.Registry.WebApi", "Govrnanza.Registry.WebApi\Govrnanza.Registry.WebApi.csproj", "{58F2934E-B613-4A94-8467-7460A97958DF}"
EndProject
Project("{9A19103F-16F7-4668-BE54-9A1E7A4F7556}") = "Govrnanza.Registry.Backend", "Govrnanza.Registry.Backend\Govrnanza.Registry.Backend.csproj", "{5C776D67-3B78-45FE-8928-8E084E554AC9}"
EndProject
Project("{9A19103F-16F7-4668-BE54-9A1E7A4F7556}") = "Govrnanza.Registry.Core", "Govrnanza.Registry.Core\Govrnanza.Registry.Core.csproj", "{7B3FF653-648D-49A7-B868-F565391C9BA4}"
EndProject
Project("{00D1A9C2-B5F0-4AF3-8072-F6C62B433612}") = "Govrnanza_Registry", "Governanza_Registry\Govrnanza_Registry.sqlproj", "{B05669AA-A928-4FC4-A673-A8ACF7D220A1}"
EndProject
Project("{E53339B2-1760-4266-BCC7-CA923CBCF16C}") = "docker-compose", "docker-compose.dcproj", "{E2A83306-B46F-4CDE-B5EC-4BCFF89AFE25}"
EndProject
Project("{2150E333-8FDC-42A3-9474-1A3956D46DE8}") = "Extensions", "Extensions", "{6993C47C-8C9A-4A1E-A3D4-32FD5146852B}"
EndProject
Project("{9A19103F-16F7-4668-BE54-9A1E7A4F7556}") = "Govrnanza.Extensions.Configuration", "..\Extensions\Configuration\Govrnanza.Extensions.Configuration.csproj", "{95E3D042-69F5-426A-A66A-1B8CBB1FC874}"
EndProject
Project("{FAE04EC0-301F-11D3-BF4B-00C04F79EFBC}") = "Govrnanza.Registry.WebApi.IntegrationTests", "Govrnanza.Registry.WebApi.IntegrationTests\Govrnanza.Registry.WebApi.IntegrationTests.csproj", "{DB449CA6-78DD-4A42-AF7C-5FBBA0B34358}"
EndProject
Global
	GlobalSection(SolutionConfigurationPlatforms) = preSolution
		Debug|Any CPU = Debug|Any CPU
		Release|Any CPU = Release|Any CPU
	EndGlobalSection
	GlobalSection(ProjectConfigurationPlatforms) = postSolution
		{58F2934E-B613-4A94-8467-7460A97958DF}.Debug|Any CPU.ActiveCfg = Debug|Any CPU
		{58F2934E-B613-4A94-8467-7460A97958DF}.Debug|Any CPU.Build.0 = Debug|Any CPU
		{58F2934E-B613-4A94-8467-7460A97958DF}.Release|Any CPU.ActiveCfg = Release|Any CPU
		{58F2934E-B613-4A94-8467-7460A97958DF}.Release|Any CPU.Build.0 = Release|Any CPU
		{5C776D67-3B78-45FE-8928-8E084E554AC9}.Debug|Any CPU.ActiveCfg = Debug|Any CPU
		{5C776D67-3B78-45FE-8928-8E084E554AC9}.Debug|Any CPU.Build.0 = Debug|Any CPU
		{5C776D67-3B78-45FE-8928-8E084E554AC9}.Release|Any CPU.ActiveCfg = Release|Any CPU
		{5C776D67-3B78-45FE-8928-8E084E554AC9}.Release|Any CPU.Build.0 = Release|Any CPU
		{7B3FF653-648D-49A7-B868-F565391C9BA4}.Debug|Any CPU.ActiveCfg = Debug|Any CPU
		{7B3FF653-648D-49A7-B868-F565391C9BA4}.Debug|Any CPU.Build.0 = Debug|Any CPU
		{7B3FF653-648D-49A7-B868-F565391C9BA4}.Release|Any CPU.ActiveCfg = Release|Any CPU
		{7B3FF653-648D-49A7-B868-F565391C9BA4}.Release|Any CPU.Build.0 = Release|Any CPU
		{B05669AA-A928-4FC4-A673-A8ACF7D220A1}.Debug|Any CPU.ActiveCfg = Debug|Any CPU
		{B05669AA-A928-4FC4-A673-A8ACF7D220A1}.Debug|Any CPU.Build.0 = Debug|Any CPU
		{B05669AA-A928-4FC4-A673-A8ACF7D220A1}.Debug|Any CPU.Deploy.0 = Debug|Any CPU
		{B05669AA-A928-4FC4-A673-A8ACF7D220A1}.Release|Any CPU.ActiveCfg = Release|Any CPU
		{B05669AA-A928-4FC4-A673-A8ACF7D220A1}.Release|Any CPU.Build.0 = Release|Any CPU
		{B05669AA-A928-4FC4-A673-A8ACF7D220A1}.Release|Any CPU.Deploy.0 = Release|Any CPU
		{E2A83306-B46F-4CDE-B5EC-4BCFF89AFE25}.Debug|Any CPU.ActiveCfg = Debug|Any CPU
		{E2A83306-B46F-4CDE-B5EC-4BCFF89AFE25}.Debug|Any CPU.Build.0 = Debug|Any CPU
		{E2A83306-B46F-4CDE-B5EC-4BCFF89AFE25}.Release|Any CPU.ActiveCfg = Release|Any CPU
		{E2A83306-B46F-4CDE-B5EC-4BCFF89AFE25}.Release|Any CPU.Build.0 = Release|Any CPU
		{95E3D042-69F5-426A-A66A-1B8CBB1FC874}.Debug|Any CPU.ActiveCfg = Debug|Any CPU
		{95E3D042-69F5-426A-A66A-1B8CBB1FC874}.Debug|Any CPU.Build.0 = Debug|Any CPU
		{95E3D042-69F5-426A-A66A-1B8CBB1FC874}.Release|Any CPU.ActiveCfg = Release|Any CPU
		{95E3D042-69F5-426A-A66A-1B8CBB1FC874}.Release|Any CPU.Build.0 = Release|Any CPU
		{DB449CA6-78DD-4A42-AF7C-5FBBA0B34358}.Debug|Any CPU.ActiveCfg = Debug|Any CPU
		{DB449CA6-78DD-4A42-AF7C-5FBBA0B34358}.Debug|Any CPU.Build.0 = Debug|Any CPU
		{DB449CA6-78DD-4A42-AF7C-5FBBA0B34358}.Release|Any CPU.ActiveCfg = Release|Any CPU
		{DB449CA6-78DD-4A42-AF7C-5FBBA0B34358}.Release|Any CPU.Build.0 = Release|Any CPU
	EndGlobalSection
	GlobalSection(SolutionProperties) = preSolution
		HideSolutionNode = FALSE
	EndGlobalSection
	GlobalSection(NestedProjects) = preSolution
		{95E3D042-69F5-426A-A66A-1B8CBB1FC874} = {6993C47C-8C9A-4A1E-A3D4-32FD5146852B}
	EndGlobalSection
	GlobalSection(ExtensibilityGlobals) = postSolution
		SolutionGuid = {255B2E58-F80B-4867-95B6-309D128D59C4}
	EndGlobalSection
EndGlobal
